
Microsoft Visual Studio Solution File, Format Version 12.00
# Visual Studio Version 16
VisualStudioVersion = 16.0.31410.357
MinimumVisualStudioVersion = 10.0.40219.1
Project("{8BC9CEB8-8B4A-11D0-8D11-00A0C91BC942}") = "ArtificialNeuralNetwork", "ArtificialNeuralNetwork\ArtificialNeuralNetwork.vcxproj", "{90B12D65-A717-40A2-81DF-4EA782880175}"
EndProject
Project("{8BC9CEB8-8B4A-11D0-8D11-00A0C91BC942}") = "ArtificialNeuralNetworkUnitTest", "ArtificialNeuralNetwork\test\unit\ArtificialNeuralNetworkUnitTest\ArtificialNeuralNetworkUnitTest.vcxproj", "{CFCC90FA-CBD7-40B4-ADFC-A4B9FBA56973}"
EndProject
Global
	GlobalSection(SolutionConfigurationPlatforms) = preSolution
		Debug|x64 = Debug|x64
		Debug|x86 = Debug|x86
		Release|x64 = Release|x64
		Release|x86 = Release|x86
	EndGlobalSection
	GlobalSection(ProjectConfigurationPlatforms) = postSolution
		{90B12D65-A717-40A2-81DF-4EA782880175}.Debug|x64.ActiveCfg = Debug|x64
		{90B12D65-A717-40A2-81DF-4EA782880175}.Debug|x64.Build.0 = Debug|x64
		{90B12D65-A717-40A2-81DF-4EA782880175}.Debug|x86.ActiveCfg = Debug|Win32
		{90B12D65-A717-40A2-81DF-4EA782880175}.Debug|x86.Build.0 = Debug|Win32
		{90B12D65-A717-40A2-81DF-4EA782880175}.Release|x64.ActiveCfg = Release|x64
		{90B12D65-A717-40A2-81DF-4EA782880175}.Release|x64.Build.0 = Release|x64
		{90B12D65-A717-40A2-81DF-4EA782880175}.Release|x86.ActiveCfg = Release|Win32
		{90B12D65-A717-40A2-81DF-4EA782880175}.Release|x86.Build.0 = Release|Win32
		{CFCC90FA-CBD7-40B4-ADFC-A4B9FBA56973}.Debug|x64.ActiveCfg = Debug|x64
		{CFCC90FA-CBD7-40B4-ADFC-A4B9FBA56973}.Debug|x64.Build.0 = Debug|x64
		{CFCC90FA-CBD7-40B4-ADFC-A4B9FBA56973}.Debug|x86.ActiveCfg = Debug|Win32
		{CFCC90FA-CBD7-40B4-ADFC-A4B9FBA56973}.Debug|x86.Build.0 = Debug|Win32
		{CFCC90FA-CBD7-40B4-ADFC-A4B9FBA56973}.Release|x64.ActiveCfg = Release|x64
		{CFCC90FA-CBD7-40B4-ADFC-A4B9FBA56973}.Release|x64.Build.0 = Release|x64
		{CFCC90FA-CBD7-40B4-ADFC-A4B9FBA56973}.Release|x86.ActiveCfg = Release|Win32
		{CFCC90FA-CBD7-40B4-ADFC-A4B9FBA56973}.Release|x86.Build.0 = Release|Win32
	EndGlobalSection
	GlobalSection(SolutionProperties) = preSolution
		HideSolutionNode = FALSE
	EndGlobalSection
	GlobalSection(ExtensibilityGlobals) = postSolution
		SolutionGuid = {A0AE9D2B-9759-42CD-9C04-682537EFC921}
	EndGlobalSection
EndGlobal
