<?xml version="1.0" encoding="utf-8"?>
<Project ToolsVersion="4.0" xmlns="http://schemas.microsoft.com/developer/msbuild/2003">
  <ItemGroup>
    <Filter Include="Source Files">
      <UniqueIdentifier>{4FC737F1-C7A5-4376-A066-2A32D752A2FF}</UniqueIdentifier>
      <Extensions>cpp;c;cc;cxx;c++;cppm;ixx;def;odl;idl;hpj;bat;asm;asmx</Extensions>
    </Filter>
    <Filter Include="Header Files">
      <UniqueIdentifier>{93995380-89BD-4b04-88EB-625FBE52EBFB}</UniqueIdentifier>
      <Extensions>h;hh;hpp;hxx;h++;hm;inl;inc;ipp;xsd</Extensions>
    </Filter>
    <Filter Include="Resource Files">
      <UniqueIdentifier>{67DA6AB6-F800-4c08-8B7A-83BB121AAD01}</UniqueIdentifier>
      <Extensions>rc;ico;cur;bmp;dlg;rc2;rct;bin;rgs;gif;jpg;jpeg;jpe;resx;tiff;tif;png;wav;mfcribbon-ms</Extensions>
    </Filter>
    <Filter Include="Docs">
      <UniqueIdentifier>{b22329d5-8d67-4e02-8bd0-cc0df824e433}</UniqueIdentifier>
      <Extensions>txt;doc</Extensions>
    </Filter>
    <Filter Include="FileStreamWrapper">
      <UniqueIdentifier>{51393da4-b643-420d-8e23-e55236a267ec}</UniqueIdentifier>
    </Filter>
    <Filter Include="FileStreamWrapper\Source">
      <UniqueIdentifier>{5aabf687-3c9d-45b4-b13f-97e436435763}</UniqueIdentifier>
    </Filter>
    <Filter Include="FileStreamWrapper\Header">
      <UniqueIdentifier>{6de30e59-bee5-4374-aba7-64b42567754f}</UniqueIdentifier>
    </Filter>
    <Filter Include="Networks">
      <UniqueIdentifier>{68fee3e2-b395-44c9-951c-a1ef59b4c0f0}</UniqueIdentifier>
    </Filter>
    <Filter Include="Networks\Header Files">
      <UniqueIdentifier>{3d6a0676-5231-4a7e-a7b9-6da99352f142}</UniqueIdentifier>
      <Extensions>h;hpp;</Extensions>
    </Filter>
  </ItemGroup>
  <ItemGroup>
    <ClCompile Include="src\MultiLayerPerceptron.cpp">
      <Filter>Source Files</Filter>
    </ClCompile>
    <ClCompile Include="src\NodeMLP.cpp">
      <Filter>Source Files</Filter>
    </ClCompile>
    <ClCompile Include="ArtificialNeuralNetworkMain.cpp">
      <Filter>Source Files</Filter>
    </ClCompile>
    <ClCompile Include="external\FileStreamWrapper\src\ErrorsHandlerFileOperations.cpp">
      <Filter>FileStreamWrapper\Source</Filter>
    </ClCompile>
    <ClCompile Include="external\FileStreamWrapper\src\ReadSerializedDataFile.cpp">
      <Filter>FileStreamWrapper\Source</Filter>
    </ClCompile>
  </ItemGroup>
  <ItemGroup>
    <Text Include="doc\TODO.txt">
      <Filter>Docs</Filter>
    </Text>
    <Text Include="doc\Documentation.txt">
      <Filter>Docs</Filter>
    </Text>
    <Text Include="doc\CopyPastHelper.txt">
      <Filter>Docs</Filter>
    </Text>
  </ItemGroup>
  <ItemGroup>
    <ClInclude Include="include\MultiLayerPerceptron.h">
      <Filter>Header Files</Filter>
    </ClInclude>
    <ClInclude Include="include\activation_functions.h">
      <Filter>Header Files</Filter>
    </ClInclude>
    <ClInclude Include="include\NodeMLP.h">
      <Filter>Header Files</Filter>
    </ClInclude>
    <ClInclude Include="external\FileStreamWrapper\include\BOM.h">
      <Filter>FileStreamWrapper\Header</Filter>
    </ClInclude>
    <ClInclude Include="external\FileStreamWrapper\include\ErrorsHandlerFileOperations.h">
      <Filter>FileStreamWrapper\Header</Filter>
    </ClInclude>
    <ClInclude Include="external\FileStreamWrapper\include\FileConstants.h">
      <Filter>FileStreamWrapper\Header</Filter>
    </ClInclude>
    <ClInclude Include="external\FileStreamWrapper\include\FileService.h">
      <Filter>FileStreamWrapper\Header</Filter>
    </ClInclude>
    <ClInclude Include="external\FileStreamWrapper\include\ReadObjectInVecByte.h">
      <Filter>FileStreamWrapper\Header</Filter>
    </ClInclude>
    <ClInclude Include="external\FileStreamWrapper\include\ReadSerializedDataFile.h">
      <Filter>FileStreamWrapper\Header</Filter>
    </ClInclude>
    <ClInclude Include="external\FileStreamWrapper\include\WriteSerializedDataFile.h">
      <Filter>FileStreamWrapper\Header</Filter>
    </ClInclude>
    <ClInclude Include="include\loss_function.h">
      <Filter>Header Files</Filter>
    </ClInclude>
    <ClInclude Include="include\errors_mlp.h">
      <Filter>Header Files</Filter>
    </ClInclude>
    <ClInclude Include="external\FileStreamWrapper\include\DataTable.h">
      <Filter>FileStreamWrapper\Header</Filter>
    </ClInclude>
    <ClInclude Include="external\FileStreamWrapper\include\FileOperations.h">
      <Filter>FileStreamWrapper\Header</Filter>
    </ClInclude>
    <ClInclude Include="external\FileStreamWrapper\include\ReadBinaryFile.h">
      <Filter>FileStreamWrapper\Header</Filter>
    </ClInclude>
    <ClInclude Include="external\FileStreamWrapper\include\ReadFormattedDataTableCSV.h">
      <Filter>FileStreamWrapper\Header</Filter>
    </ClInclude>
    <ClInclude Include="include\Networks\binary_or.h">
      <Filter>Networks\Header Files</Filter>
    </ClInclude>
    <ClInclude Include="include\derivatives_activation_functions.h">
      <Filter>Header Files</Filter>
    </ClInclude>
    <ClInclude Include="include\derivatives_loss_function.h">
      <Filter>Header Files</Filter>
    </ClInclude>
  </ItemGroup>
  <ItemGroup>
    <None Include="doc\!Wiki.odt">
      <Filter>Docs</Filter>
    </None>
  </ItemGroup>
</Project>